
Microsoft Visual Studio Solution File, Format Version 12.00
# Visual Studio Version 17
VisualStudioVersion = 17.12.35527.113
MinimumVisualStudioVersion = 10.0.40219.1
Project("{FAE04EC0-301F-11D3-BF4B-00C04F79EFBC}") = "mfkmapp", "mfkmapp\mfkmapp.csproj", "{8598832D-4FE4-41C1-8FAD-041629207C8D}"
EndProject
Project("{FAE04EC0-301F-11D3-BF4B-00C04F79EFBC}") = "mfkm", "..\mfkm\mfkm\mfkm.csproj", "{A9C573D8-21DD-4503-9F3F-9C724CB0FC7B}"
EndProject
Global
	GlobalSection(SolutionConfigurationPlatforms) = preSolution
		Debug|Any CPU = Debug|Any CPU
		Release|Any CPU = Release|Any CPU
	EndGlobalSection
	GlobalSection(ProjectConfigurationPlatforms) = postSolution
		{8598832D-4FE4-41C1-8FAD-041629207C8D}.Debug|Any CPU.ActiveCfg = Debug|Any CPU
		{8598832D-4FE4-41C1-8FAD-041629207C8D}.Debug|Any CPU.Build.0 = Debug|Any CPU
		{8598832D-4FE4-41C1-8FAD-041629207C8D}.Release|Any CPU.ActiveCfg = Release|Any CPU
		{8598832D-4FE4-41C1-8FAD-041629207C8D}.Release|Any CPU.Build.0 = Release|Any CPU
		{A9C573D8-21DD-4503-9F3F-9C724CB0FC7B}.Debug|Any CPU.ActiveCfg = Debug|Any CPU
		{A9C573D8-21DD-4503-9F3F-9C724CB0FC7B}.Debug|Any CPU.Build.0 = Debug|Any CPU
		{A9C573D8-21DD-4503-9F3F-9C724CB0FC7B}.Release|Any CPU.ActiveCfg = Release|Any CPU
		{A9C573D8-21DD-4503-9F3F-9C724CB0FC7B}.Release|Any CPU.Build.0 = Release|Any CPU
	EndGlobalSection
	GlobalSection(SolutionProperties) = preSolution
		HideSolutionNode = FALSE
	EndGlobalSection
EndGlobal
